
Microsoft Visual Studio Solution File, Format Version 12.00
# Visual Studio Version 16
VisualStudioVersion = 16.0.31424.327
MinimumVisualStudioVersion = 10.0.40219.1
Project("{FAE04EC0-301F-11D3-BF4B-00C04F79EFBC}") = "quanLyBanHang.Common", "quanLyBanHang.Common\quanLyBanHang.Common.csproj", "{59F270B9-57BC-4ED7-9826-7F52704CF6DA}"
EndProject
Project("{FAE04EC0-301F-11D3-BF4B-00C04F79EFBC}") = "quanLyBanHang.Data", "quanLyBanHang.Data\quanLyBanHang.Data.csproj", "{CEDEFB8B-6A34-4D88-A5A9-E58EE05A26D1}"
EndProject
Project("{FAE04EC0-301F-11D3-BF4B-00C04F79EFBC}") = "quanLyBanHang.Model", "quanLyBanHang.Model\quanLyBanHang.Model.csproj", "{D12BC902-E5C4-4866-A7A1-BBC02600717C}"
EndProject
Project("{FAE04EC0-301F-11D3-BF4B-00C04F79EFBC}") = "quanLyBanHang.Service", "quanLyBanHang.Service\quanLyBanHang.Service.csproj", "{863F4B6A-778B-4B5E-A31B-2772EDCAEAC9}"
EndProject
Project("{FAE04EC0-301F-11D3-BF4B-00C04F79EFBC}") = "quanLyBanHang.UnitTest", "quanLyBanHang.UnitTest\quanLyBanHang.UnitTest.csproj", "{3056CEDE-ED08-4442-B23C-DEB5BDD43032}"
EndProject
Global
	GlobalSection(SolutionConfigurationPlatforms) = preSolution
		Debug|Any CPU = Debug|Any CPU
		Release|Any CPU = Release|Any CPU
	EndGlobalSection
	GlobalSection(ProjectConfigurationPlatforms) = postSolution
		{59F270B9-57BC-4ED7-9826-7F52704CF6DA}.Debug|Any CPU.ActiveCfg = Debug|Any CPU
		{59F270B9-57BC-4ED7-9826-7F52704CF6DA}.Debug|Any CPU.Build.0 = Debug|Any CPU
		{59F270B9-57BC-4ED7-9826-7F52704CF6DA}.Release|Any CPU.ActiveCfg = Release|Any CPU
		{59F270B9-57BC-4ED7-9826-7F52704CF6DA}.Release|Any CPU.Build.0 = Release|Any CPU
		{CEDEFB8B-6A34-4D88-A5A9-E58EE05A26D1}.Debug|Any CPU.ActiveCfg = Debug|Any CPU
		{CEDEFB8B-6A34-4D88-A5A9-E58EE05A26D1}.Debug|Any CPU.Build.0 = Debug|Any CPU
		{CEDEFB8B-6A34-4D88-A5A9-E58EE05A26D1}.Release|Any CPU.ActiveCfg = Release|Any CPU
		{CEDEFB8B-6A34-4D88-A5A9-E58EE05A26D1}.Release|Any CPU.Build.0 = Release|Any CPU
		{D12BC902-E5C4-4866-A7A1-BBC02600717C}.Debug|Any CPU.ActiveCfg = Debug|Any CPU
		{D12BC902-E5C4-4866-A7A1-BBC02600717C}.Debug|Any CPU.Build.0 = Debug|Any CPU
		{D12BC902-E5C4-4866-A7A1-BBC02600717C}.Release|Any CPU.ActiveCfg = Release|Any CPU
		{D12BC902-E5C4-4866-A7A1-BBC02600717C}.Release|Any CPU.Build.0 = Release|Any CPU
		{863F4B6A-778B-4B5E-A31B-2772EDCAEAC9}.Debug|Any CPU.ActiveCfg = Debug|Any CPU
		{863F4B6A-778B-4B5E-A31B-2772EDCAEAC9}.Debug|Any CPU.Build.0 = Debug|Any CPU
		{863F4B6A-778B-4B5E-A31B-2772EDCAEAC9}.Release|Any CPU.ActiveCfg = Release|Any CPU
		{863F4B6A-778B-4B5E-A31B-2772EDCAEAC9}.Release|Any CPU.Build.0 = Release|Any CPU
		{3056CEDE-ED08-4442-B23C-DEB5BDD43032}.Debug|Any CPU.ActiveCfg = Debug|Any CPU
		{3056CEDE-ED08-4442-B23C-DEB5BDD43032}.Debug|Any CPU.Build.0 = Debug|Any CPU
		{3056CEDE-ED08-4442-B23C-DEB5BDD43032}.Release|Any CPU.ActiveCfg = Release|Any CPU
		{3056CEDE-ED08-4442-B23C-DEB5BDD43032}.Release|Any CPU.Build.0 = Release|Any CPU
	EndGlobalSection
	GlobalSection(SolutionProperties) = preSolution
		HideSolutionNode = FALSE
	EndGlobalSection
	GlobalSection(ExtensibilityGlobals) = postSolution
		SolutionGuid = {CC25978D-721D-450A-AE17-D6A217304126}
	EndGlobalSection
EndGlobal
